
Microsoft Visual Studio Solution File, Format Version 12.00
# Visual Studio Version 16
VisualStudioVersion = 16.0.30114.105
MinimumVisualStudioVersion = 10.0.40219.1
Project("{2150E333-8FDC-42A3-9474-1A3956D46DE8}") = "SchoolAdmin", "SchoolAdmin", "{89B3CE60-AF96-4947-A929-370B0EE93B10}"
EndProject
Project("{FAE04EC0-301F-11D3-BF4B-00C04F79EFBC}") = "SchoolAdmin.Controllers", "SchoolAdmin\SchoolAdmin.Controllers\SchoolAdmin.Controllers.csproj", "{1497AF05-969C-40F0-B54E-D7B43161EBA8}"
EndProject
Project("{2150E333-8FDC-42A3-9474-1A3956D46DE8}") = "Sso", "Sso", "{94EE30C6-F249-4D49-B779-A9080B71FC37}"
EndProject
Project("{FAE04EC0-301F-11D3-BF4B-00C04F79EFBC}") = "Sso.Controllers", "Sso\Sso.Controllers\Sso.Controllers.csproj", "{4FC70BAA-D55D-4B08-B056-A6C11615C069}"
EndProject
Project("{FAE04EC0-301F-11D3-BF4B-00C04F79EFBC}") = "SchoolAdmin.Activities", "SchoolAdmin\SchoolAdmin.Activities\SchoolAdmin.Activities.csproj", "{BCBECAF2-D915-4E8F-BAA2-D6146E810FF9}"
EndProject
Project("{FAE04EC0-301F-11D3-BF4B-00C04F79EFBC}") = "SchoolAdmin.Information", "SchoolAdmin\SchoolAdmin.Information\SchoolAdmin.Information.csproj", "{55684830-A95B-43A9-87C5-0C109430B65C}"
EndProject
Project("{FAE04EC0-301F-11D3-BF4B-00C04F79EFBC}") = "SchoolAdmin.Registries", "SchoolAdmin\SchoolAdmin.Registries\SchoolAdmin.Registries.csproj", "{0C4F6AA6-F1E6-49AA-8043-FCEC8AC662AA}"
EndProject
Project("{FAE04EC0-301F-11D3-BF4B-00C04F79EFBC}") = "SchoolAdmin.Infrastructure", "SchoolAdmin\SchoolAdmin.Infrastructure\SchoolAdmin.Infrastructure.csproj", "{A9E084DD-437D-4F6F-9C3F-8026D6C79A4E}"
EndProject
Project("{FAE04EC0-301F-11D3-BF4B-00C04F79EFBC}") = "SchoolAdmin.Models", "SchoolAdmin\SchoolAdmin.Models\SchoolAdmin.Models.csproj", "{783B14CA-8CFD-4785-9B51-C8367CD42EB0}"
EndProject
Project("{FAE04EC0-301F-11D3-BF4B-00C04F79EFBC}") = "SchoolAdmin.Tests", "SchoolAdmin\SchoolAdmin.Tests\SchoolAdmin.Tests.csproj", "{980582F5-BCD7-4925-99A3-29FBB41BDD95}"
EndProject
Project("{FAE04EC0-301F-11D3-BF4B-00C04F79EFBC}") = "Sso.Activities", "Sso\Sso.Activities\Sso.Activities.csproj", "{B95BBFBD-57F9-4D1F-BB41-5CDFB3CB556A}"
EndProject
Project("{FAE04EC0-301F-11D3-BF4B-00C04F79EFBC}") = "Sso.Information", "Sso\Sso.Information\Sso.Information.csproj", "{8F38A259-32B9-4237-AF15-6751B52EDC97}"
EndProject
Project("{FAE04EC0-301F-11D3-BF4B-00C04F79EFBC}") = "Sso.Registries", "Sso\Sso.Registries\Sso.Registries.csproj", "{DC0BE476-48D5-4395-8130-D1284418E1B4}"
EndProject
Project("{FAE04EC0-301F-11D3-BF4B-00C04F79EFBC}") = "Sso.Infrastructure", "Sso\Sso.Infrastructure\Sso.Infrastructure.csproj", "{18C4CB6C-7DCC-4868-B95F-5A15CAA83038}"
EndProject
Project("{FAE04EC0-301F-11D3-BF4B-00C04F79EFBC}") = "Sso.Models", "Sso\Sso.Models\Sso.Models.csproj", "{4B916E5A-323D-473B-B4B1-5A872F531ADD}"
EndProject
Project("{FAE04EC0-301F-11D3-BF4B-00C04F79EFBC}") = "Sso.Tests", "Sso\Sso.Tests\Sso.Tests.csproj", "{930028A7-419E-4371-846E-C153A023B3CC}"
EndProject
Global
	GlobalSection(SolutionConfigurationPlatforms) = preSolution
		Debug|Any CPU = Debug|Any CPU
		Release|Any CPU = Release|Any CPU
	EndGlobalSection
	GlobalSection(ProjectConfigurationPlatforms) = postSolution
		{1497AF05-969C-40F0-B54E-D7B43161EBA8}.Debug|Any CPU.ActiveCfg = Debug|Any CPU
		{1497AF05-969C-40F0-B54E-D7B43161EBA8}.Debug|Any CPU.Build.0 = Debug|Any CPU
		{1497AF05-969C-40F0-B54E-D7B43161EBA8}.Release|Any CPU.ActiveCfg = Release|Any CPU
		{1497AF05-969C-40F0-B54E-D7B43161EBA8}.Release|Any CPU.Build.0 = Release|Any CPU
		{4FC70BAA-D55D-4B08-B056-A6C11615C069}.Debug|Any CPU.ActiveCfg = Debug|Any CPU
		{4FC70BAA-D55D-4B08-B056-A6C11615C069}.Debug|Any CPU.Build.0 = Debug|Any CPU
		{4FC70BAA-D55D-4B08-B056-A6C11615C069}.Release|Any CPU.ActiveCfg = Release|Any CPU
		{4FC70BAA-D55D-4B08-B056-A6C11615C069}.Release|Any CPU.Build.0 = Release|Any CPU
		{BCBECAF2-D915-4E8F-BAA2-D6146E810FF9}.Debug|Any CPU.ActiveCfg = Debug|Any CPU
		{BCBECAF2-D915-4E8F-BAA2-D6146E810FF9}.Debug|Any CPU.Build.0 = Debug|Any CPU
		{BCBECAF2-D915-4E8F-BAA2-D6146E810FF9}.Release|Any CPU.ActiveCfg = Release|Any CPU
		{BCBECAF2-D915-4E8F-BAA2-D6146E810FF9}.Release|Any CPU.Build.0 = Release|Any CPU
		{55684830-A95B-43A9-87C5-0C109430B65C}.Debug|Any CPU.ActiveCfg = Debug|Any CPU
		{55684830-A95B-43A9-87C5-0C109430B65C}.Debug|Any CPU.Build.0 = Debug|Any CPU
		{55684830-A95B-43A9-87C5-0C109430B65C}.Release|Any CPU.ActiveCfg = Release|Any CPU
		{55684830-A95B-43A9-87C5-0C109430B65C}.Release|Any CPU.Build.0 = Release|Any CPU
		{0C4F6AA6-F1E6-49AA-8043-FCEC8AC662AA}.Debug|Any CPU.ActiveCfg = Debug|Any CPU
		{0C4F6AA6-F1E6-49AA-8043-FCEC8AC662AA}.Debug|Any CPU.Build.0 = Debug|Any CPU
		{0C4F6AA6-F1E6-49AA-8043-FCEC8AC662AA}.Release|Any CPU.ActiveCfg = Release|Any CPU
		{0C4F6AA6-F1E6-49AA-8043-FCEC8AC662AA}.Release|Any CPU.Build.0 = Release|Any CPU
		{A9E084DD-437D-4F6F-9C3F-8026D6C79A4E}.Debug|Any CPU.ActiveCfg = Debug|Any CPU
		{A9E084DD-437D-4F6F-9C3F-8026D6C79A4E}.Debug|Any CPU.Build.0 = Debug|Any CPU
		{A9E084DD-437D-4F6F-9C3F-8026D6C79A4E}.Release|Any CPU.ActiveCfg = Release|Any CPU
		{A9E084DD-437D-4F6F-9C3F-8026D6C79A4E}.Release|Any CPU.Build.0 = Release|Any CPU
		{783B14CA-8CFD-4785-9B51-C8367CD42EB0}.Debug|Any CPU.ActiveCfg = Debug|Any CPU
		{783B14CA-8CFD-4785-9B51-C8367CD42EB0}.Debug|Any CPU.Build.0 = Debug|Any CPU
		{783B14CA-8CFD-4785-9B51-C8367CD42EB0}.Release|Any CPU.ActiveCfg = Release|Any CPU
		{783B14CA-8CFD-4785-9B51-C8367CD42EB0}.Release|Any CPU.Build.0 = Release|Any CPU
		{980582F5-BCD7-4925-99A3-29FBB41BDD95}.Debug|Any CPU.ActiveCfg = Debug|Any CPU
		{980582F5-BCD7-4925-99A3-29FBB41BDD95}.Debug|Any CPU.Build.0 = Debug|Any CPU
		{980582F5-BCD7-4925-99A3-29FBB41BDD95}.Release|Any CPU.ActiveCfg = Release|Any CPU
		{980582F5-BCD7-4925-99A3-29FBB41BDD95}.Release|Any CPU.Build.0 = Release|Any CPU
		{B95BBFBD-57F9-4D1F-BB41-5CDFB3CB556A}.Debug|Any CPU.ActiveCfg = Debug|Any CPU
		{B95BBFBD-57F9-4D1F-BB41-5CDFB3CB556A}.Debug|Any CPU.Build.0 = Debug|Any CPU
		{B95BBFBD-57F9-4D1F-BB41-5CDFB3CB556A}.Release|Any CPU.ActiveCfg = Release|Any CPU
		{B95BBFBD-57F9-4D1F-BB41-5CDFB3CB556A}.Release|Any CPU.Build.0 = Release|Any CPU
		{8F38A259-32B9-4237-AF15-6751B52EDC97}.Debug|Any CPU.ActiveCfg = Debug|Any CPU
		{8F38A259-32B9-4237-AF15-6751B52EDC97}.Debug|Any CPU.Build.0 = Debug|Any CPU
		{8F38A259-32B9-4237-AF15-6751B52EDC97}.Release|Any CPU.ActiveCfg = Release|Any CPU
		{8F38A259-32B9-4237-AF15-6751B52EDC97}.Release|Any CPU.Build.0 = Release|Any CPU
		{DC0BE476-48D5-4395-8130-D1284418E1B4}.Debug|Any CPU.ActiveCfg = Debug|Any CPU
		{DC0BE476-48D5-4395-8130-D1284418E1B4}.Debug|Any CPU.Build.0 = Debug|Any CPU
		{DC0BE476-48D5-4395-8130-D1284418E1B4}.Release|Any CPU.ActiveCfg = Release|Any CPU
		{DC0BE476-48D5-4395-8130-D1284418E1B4}.Release|Any CPU.Build.0 = Release|Any CPU
		{18C4CB6C-7DCC-4868-B95F-5A15CAA83038}.Debug|Any CPU.ActiveCfg = Debug|Any CPU
		{18C4CB6C-7DCC-4868-B95F-5A15CAA83038}.Debug|Any CPU.Build.0 = Debug|Any CPU
		{18C4CB6C-7DCC-4868-B95F-5A15CAA83038}.Release|Any CPU.ActiveCfg = Release|Any CPU
		{18C4CB6C-7DCC-4868-B95F-5A15CAA83038}.Release|Any CPU.Build.0 = Release|Any CPU
		{4B916E5A-323D-473B-B4B1-5A872F531ADD}.Debug|Any CPU.ActiveCfg = Debug|Any CPU
		{4B916E5A-323D-473B-B4B1-5A872F531ADD}.Debug|Any CPU.Build.0 = Debug|Any CPU
		{4B916E5A-323D-473B-B4B1-5A872F531ADD}.Release|Any CPU.ActiveCfg = Release|Any CPU
		{4B916E5A-323D-473B-B4B1-5A872F531ADD}.Release|Any CPU.Build.0 = Release|Any CPU
		{930028A7-419E-4371-846E-C153A023B3CC}.Debug|Any CPU.ActiveCfg = Debug|Any CPU
		{930028A7-419E-4371-846E-C153A023B3CC}.Debug|Any CPU.Build.0 = Debug|Any CPU
		{930028A7-419E-4371-846E-C153A023B3CC}.Release|Any CPU.ActiveCfg = Release|Any CPU
		{930028A7-419E-4371-846E-C153A023B3CC}.Release|Any CPU.Build.0 = Release|Any CPU
	EndGlobalSection
	GlobalSection(SolutionProperties) = preSolution
		HideSolutionNode = FALSE
	EndGlobalSection
	GlobalSection(NestedProjects) = preSolution
		{1497AF05-969C-40F0-B54E-D7B43161EBA8} = {89B3CE60-AF96-4947-A929-370B0EE93B10}
		{4FC70BAA-D55D-4B08-B056-A6C11615C069} = {94EE30C6-F249-4D49-B779-A9080B71FC37}
		{BCBECAF2-D915-4E8F-BAA2-D6146E810FF9} = {89B3CE60-AF96-4947-A929-370B0EE93B10}
		{55684830-A95B-43A9-87C5-0C109430B65C} = {89B3CE60-AF96-4947-A929-370B0EE93B10}
		{0C4F6AA6-F1E6-49AA-8043-FCEC8AC662AA} = {89B3CE60-AF96-4947-A929-370B0EE93B10}
		{A9E084DD-437D-4F6F-9C3F-8026D6C79A4E} = {89B3CE60-AF96-4947-A929-370B0EE93B10}
		{783B14CA-8CFD-4785-9B51-C8367CD42EB0} = {89B3CE60-AF96-4947-A929-370B0EE93B10}
		{980582F5-BCD7-4925-99A3-29FBB41BDD95} = {89B3CE60-AF96-4947-A929-370B0EE93B10}
		{B95BBFBD-57F9-4D1F-BB41-5CDFB3CB556A} = {94EE30C6-F249-4D49-B779-A9080B71FC37}
		{8F38A259-32B9-4237-AF15-6751B52EDC97} = {94EE30C6-F249-4D49-B779-A9080B71FC37}
		{DC0BE476-48D5-4395-8130-D1284418E1B4} = {94EE30C6-F249-4D49-B779-A9080B71FC37}
		{18C4CB6C-7DCC-4868-B95F-5A15CAA83038} = {94EE30C6-F249-4D49-B779-A9080B71FC37}
		{4B916E5A-323D-473B-B4B1-5A872F531ADD} = {94EE30C6-F249-4D49-B779-A9080B71FC37}
		{930028A7-419E-4371-846E-C153A023B3CC} = {94EE30C6-F249-4D49-B779-A9080B71FC37}
	EndGlobalSection
	GlobalSection(ExtensibilityGlobals) = postSolution
		SolutionGuid = {7B505998-A6A6-4662-8416-28EEE44B8867}
	EndGlobalSection
EndGlobal
